
Microsoft Visual Studio Solution File, Format Version 12.00
# Visual Studio Version 16
VisualStudioVersion = 16.0.29215.179
MinimumVisualStudioVersion = 10.0.40219.1
Project("{9A19103F-16F7-4668-BE54-9A1E7A4F7556}") = "Diacritical", "Diacritical\Diacritical.csproj", "{7C7165FF-C52F-4217-821F-6B08E9E9D4D4}"
EndProject
Project("{9A19103F-16F7-4668-BE54-9A1E7A4F7556}") = "Diacritical.Benchmark", "Diacritical.Benchmark\Diacritical.Benchmark.csproj", "{8FAF1EC8-A10E-46DF-8672-167009CA0333}"
EndProject
Project("{9A19103F-16F7-4668-BE54-9A1E7A4F7556}") = "Diacritical.Test", "Diacritical.Test\Diacritical.Test.csproj", "{86FC4DDF-EEB5-41B8-84B9-BCF681DFC299}"
EndProject
Project("{2150E333-8FDC-42A3-9474-1A3956D46DE8}") = "Docs", "Docs", "{AA7A8E94-8C4A-4F6A-B5C5-E5CE3362C3F8}"
	ProjectSection(SolutionItems) = preProject
		azure-pipelines.yml = azure-pipelines.yml
		ReadMe.md = ReadMe.md
	EndProjectSection
EndProject
Project("{9A19103F-16F7-4668-BE54-9A1E7A4F7556}") = "Diacritical.Import", "Diacritical.Import\Diacritical.Import.csproj", "{E7A4532B-4339-47CD-8ECE-EB16B9620E5D}"
EndProject
Global
	GlobalSection(SolutionConfigurationPlatforms) = preSolution
		Debug|Any CPU = Debug|Any CPU
		Release|Any CPU = Release|Any CPU
	EndGlobalSection
	GlobalSection(ProjectConfigurationPlatforms) = postSolution
		{7C7165FF-C52F-4217-821F-6B08E9E9D4D4}.Debug|Any CPU.ActiveCfg = Debug|Any CPU
		{7C7165FF-C52F-4217-821F-6B08E9E9D4D4}.Debug|Any CPU.Build.0 = Debug|Any CPU
		{7C7165FF-C52F-4217-821F-6B08E9E9D4D4}.Release|Any CPU.ActiveCfg = Release|Any CPU
		{7C7165FF-C52F-4217-821F-6B08E9E9D4D4}.Release|Any CPU.Build.0 = Release|Any CPU
		{8FAF1EC8-A10E-46DF-8672-167009CA0333}.Debug|Any CPU.ActiveCfg = Debug|Any CPU
		{8FAF1EC8-A10E-46DF-8672-167009CA0333}.Debug|Any CPU.Build.0 = Debug|Any CPU
		{8FAF1EC8-A10E-46DF-8672-167009CA0333}.Release|Any CPU.ActiveCfg = Release|Any CPU
		{8FAF1EC8-A10E-46DF-8672-167009CA0333}.Release|Any CPU.Build.0 = Release|Any CPU
		{86FC4DDF-EEB5-41B8-84B9-BCF681DFC299}.Debug|Any CPU.ActiveCfg = Debug|Any CPU
		{86FC4DDF-EEB5-41B8-84B9-BCF681DFC299}.Debug|Any CPU.Build.0 = Debug|Any CPU
		{86FC4DDF-EEB5-41B8-84B9-BCF681DFC299}.Release|Any CPU.ActiveCfg = Release|Any CPU
		{86FC4DDF-EEB5-41B8-84B9-BCF681DFC299}.Release|Any CPU.Build.0 = Release|Any CPU
		{E7A4532B-4339-47CD-8ECE-EB16B9620E5D}.Debug|Any CPU.ActiveCfg = Debug|Any CPU
		{E7A4532B-4339-47CD-8ECE-EB16B9620E5D}.Debug|Any CPU.Build.0 = Debug|Any CPU
		{E7A4532B-4339-47CD-8ECE-EB16B9620E5D}.Release|Any CPU.ActiveCfg = Release|Any CPU
		{E7A4532B-4339-47CD-8ECE-EB16B9620E5D}.Release|Any CPU.Build.0 = Release|Any CPU
	EndGlobalSection
	GlobalSection(SolutionProperties) = preSolution
		HideSolutionNode = FALSE
	EndGlobalSection
	GlobalSection(ExtensibilityGlobals) = postSolution
		SolutionGuid = {C0C2E13C-67E9-40B1-80F8-15F105F1EF7A}
	EndGlobalSection
EndGlobal
